
Microsoft Visual Studio Solution File, Format Version 12.00
# Visual Studio Version 16
VisualStudioVersion = 16.0.30011.22
MinimumVisualStudioVersion = 10.0.40219.1
Project("{9A19103F-16F7-4668-BE54-9A1E7A4F7556}") = "SimpleConsoleApp", "SimpleConsoleApp.csproj", "{A48341A5-33CA-47F4-B430-EBAC3107CE5D}"
EndProject
Project("{FAE04EC0-301F-11D3-BF4B-00C04F79EFBC}") = "XUnitTestProject1", "XUnitTestProject1\XUnitTestProject1.csproj", "{816FCC38-EB9F-4D61-A275-1B2F90CBCE61}"
EndProject
Global
	GlobalSection(SolutionConfigurationPlatforms) = preSolution
		Debug|Any CPU = Debug|Any CPU
		Release|Any CPU = Release|Any CPU
	EndGlobalSection
	GlobalSection(ProjectConfigurationPlatforms) = postSolution
		{A48341A5-33CA-47F4-B430-EBAC3107CE5D}.Debug|Any CPU.ActiveCfg = Debug|Any CPU
		{A48341A5-33CA-47F4-B430-EBAC3107CE5D}.Debug|Any CPU.Build.0 = Debug|Any CPU
		{A48341A5-33CA-47F4-B430-EBAC3107CE5D}.Release|Any CPU.ActiveCfg = Release|Any CPU
		{A48341A5-33CA-47F4-B430-EBAC3107CE5D}.Release|Any CPU.Build.0 = Release|Any CPU
		{816FCC38-EB9F-4D61-A275-1B2F90CBCE61}.Debug|Any CPU.ActiveCfg = Debug|Any CPU
		{816FCC38-EB9F-4D61-A275-1B2F90CBCE61}.Debug|Any CPU.Build.0 = Debug|Any CPU
		{816FCC38-EB9F-4D61-A275-1B2F90CBCE61}.Release|Any CPU.ActiveCfg = Release|Any CPU
		{816FCC38-EB9F-4D61-A275-1B2F90CBCE61}.Release|Any CPU.Build.0 = Release|Any CPU
	EndGlobalSection
	GlobalSection(SolutionProperties) = preSolution
		HideSolutionNode = FALSE
	EndGlobalSection
	GlobalSection(ExtensibilityGlobals) = postSolution
		SolutionGuid = {51DE27DC-F2D3-4E05-A719-39E9CB1F4A0D}
	EndGlobalSection
EndGlobal
